
Microsoft Visual Studio Solution File, Format Version 12.00
# Visual Studio Version 17
VisualStudioVersion = 17.3.32519.111
MinimumVisualStudioVersion = 10.0.40219.1
Project("{FAE04EC0-301F-11D3-BF4B-00C04F79EFBC}") = "DurableFunctions.Demo1", "DurableFunctions.Demo1\DurableFunctions.Demo1.csproj", "{6C1040CA-87A1-4567-9808-E803F606F370}"
EndProject
Global
	GlobalSection(SolutionConfigurationPlatforms) = preSolution
		Debug|Any CPU = Debug|Any CPU
		Release|Any CPU = Release|Any CPU
	EndGlobalSection
	GlobalSection(ProjectConfigurationPlatforms) = postSolution
		{6C1040CA-87A1-4567-9808-E803F606F370}.Debug|Any CPU.ActiveCfg = Debug|Any CPU
		{6C1040CA-87A1-4567-9808-E803F606F370}.Debug|Any CPU.Build.0 = Debug|Any CPU
		{6C1040CA-87A1-4567-9808-E803F606F370}.Release|Any CPU.ActiveCfg = Release|Any CPU
		{6C1040CA-87A1-4567-9808-E803F606F370}.Release|Any CPU.Build.0 = Release|Any CPU
	EndGlobalSection
	GlobalSection(SolutionProperties) = preSolution
		HideSolutionNode = FALSE
	EndGlobalSection
	GlobalSection(ExtensibilityGlobals) = postSolution
		SolutionGuid = {AF68077A-3601-47EF-8831-5D6B1E6AC189}
	EndGlobalSection
EndGlobal
